{
  "name": "js",
  "lockfileVersion": 3,
  "requires": true,
  "packages": {
    "": {
      "name": "js",
      "devDependencies": {
        "rs": "file:../rs"
      }
    },
    "../rs": {
      "version": "1.0.0",
      "dev": true,
      "hasInstallScript": true,
      "bin": {
        "rs": "bin/rs"
      },
      "devDependencies": {
        "script-context": "file:../../"
      }
    },
    "node_modules/rs": {
      "resolved": "../rs",
      "link": true
    }
  }
}
